
Microsoft Visual Studio Solution File, Format Version 12.00
# Visual Studio Version 17
VisualStudioVersion = 17.14.36623.8
MinimumVisualStudioVersion = 10.0.40219.1
Project("{FAE04EC0-301F-11D3-BF4B-00C04F79EFBC}") = "AceJobAgency", "AceJobAgency\AceJobAgency.csproj", "{7B115C1F-552C-4D38-B3F9-2A45C558C14C}"
EndProject
Global
	GlobalSection(SolutionConfigurationPlatforms) = preSolution
		Debug|Any CPU = Debug|Any CPU
		Release|Any CPU = Release|Any CPU
	EndGlobalSection
	GlobalSection(ProjectConfigurationPlatforms) = postSolution
		{7B115C1F-552C-4D38-B3F9-2A45C558C14C}.Debug|Any CPU.ActiveCfg = Debug|Any CPU
		{7B115C1F-552C-4D38-B3F9-2A45C558C14C}.Debug|Any CPU.Build.0 = Debug|Any CPU
		{7B115C1F-552C-4D38-B3F9-2A45C558C14C}.Release|Any CPU.ActiveCfg = Release|Any CPU
		{7B115C1F-552C-4D38-B3F9-2A45C558C14C}.Release|Any CPU.Build.0 = Release|Any CPU
	EndGlobalSection
	GlobalSection(SolutionProperties) = preSolution
		HideSolutionNode = FALSE
	EndGlobalSection
	GlobalSection(ExtensibilityGlobals) = postSolution
		SolutionGuid = {84AECD3A-B3B5-48F1-883F-54ED8903D0BA}
	EndGlobalSection
EndGlobal
